#include <iostream>
#include <Windows.h>
using namespace std;


int main()
{
	SetConsoleCP(1251);
	SetConsoleOutputCP(1251);
  { cout << "Hello!!!\n";
   cout << "\n\n";
   cout << "\t\t\b\b----------\n";
   cout << "\t\t\b\b|        |\n";
   cout << "\t\t\b\b|        |\n";
   cout << "\t\t\b\b|        |\n";
   cout << "\t\t\b\b|        |\n";
   cout << "\t\t\b\b----------\n";
   cout << "         Прізвище: Бойко\n";
   cout << "             ім'я: Дар'я\n";
   cout << "      По батькові: Олегівна\n";
   cout << "            Стать: жіноча\n";
   cout << "  Дата народження: 02-04-2007\n";
   cout << "           Адреса: місто Запоріжжя, вул. Бочарова, буд.\n";
   cout << "   Номер телефону: +380509600697\n";
   cout << "   Місце навчання: ФПМ, ДНУ ім. Олеся Гончара\n";
   cout << "            Група: ПА-24-1\n";
   cout << "             Хобі: рукопашний бій\n";
   cout << "\t\t\t/\\\n";
	   cout << "\t\t\t\b/  \\\n";
	   cout << "\t\t\t\b\\  /\n";
	   cout << "\t\t\t\\/ \n";
	   
   system("pause");}
	{
		char line[51];
		do {
			cout << "Введіть рядок (щоб завершити програму натисніть ENTER): ";
			cin.getline(line, 51);
			if (line[0] != '\0') {
				cout << line << endl;
			}
		} while (line[0] != '\0');
		system("pause");
	}

	

   


}
